
Microsoft Visual Studio Solution File, Format Version 12.00
# Visual Studio Version 16
VisualStudioVersion = 16.0.31729.503
MinimumVisualStudioVersion = 10.0.40219.1
Project("{FAE04EC0-301F-11D3-BF4B-00C04F79EFBC}") = "WinFormsApp1", "WinFormsApp1\WinFormsApp1.csproj", "{EA9854AD-8A15-422D-B896-5E25C9A7A3F2}"
EndProject
Global
	GlobalSection(SolutionConfigurationPlatforms) = preSolution
		Debug|Any CPU = Debug|Any CPU
		Release|Any CPU = Release|Any CPU
	EndGlobalSection
	GlobalSection(ProjectConfigurationPlatforms) = postSolution
		{EA9854AD-8A15-422D-B896-5E25C9A7A3F2}.Debug|Any CPU.ActiveCfg = Debug|Any CPU
		{EA9854AD-8A15-422D-B896-5E25C9A7A3F2}.Debug|Any CPU.Build.0 = Debug|Any CPU
		{EA9854AD-8A15-422D-B896-5E25C9A7A3F2}.Release|Any CPU.ActiveCfg = Release|Any CPU
		{EA9854AD-8A15-422D-B896-5E25C9A7A3F2}.Release|Any CPU.Build.0 = Release|Any CPU
	EndGlobalSection
	GlobalSection(SolutionProperties) = preSolution
		HideSolutionNode = FALSE
	EndGlobalSection
	GlobalSection(ExtensibilityGlobals) = postSolution
		SolutionGuid = {717BEE56-4D98-4DA2-897F-80E352FD9F7E}
	EndGlobalSection
EndGlobal
